
Microsoft Visual Studio Solution File, Format Version 12.00
# Visual Studio 2013
VisualStudioVersion = 12.0.21005.1
MinimumVisualStudioVersion = 10.0.40219.1
Project("{FAE04EC0-301F-11D3-BF4B-00C04F79EFBC}") = "MyFirstASPWebsite", "MyFirstASPWebsite\MyFirstASPWebsite.csproj", "{82002FD6-9D3D-429D-9693-10A934D63920}"
EndProject
Project("{FAE04EC0-301F-11D3-BF4B-00C04F79EFBC}") = "MyFirstASPWebsite.Tests", "MyFirstASPWebsite.Tests\MyFirstASPWebsite.Tests.csproj", "{75BC9521-2E0C-4BFC-9A1C-9A20C71EFC16}"
EndProject
Global
	GlobalSection(SolutionConfigurationPlatforms) = preSolution
		Debug|Any CPU = Debug|Any CPU
		Release|Any CPU = Release|Any CPU
	EndGlobalSection
	GlobalSection(ProjectConfigurationPlatforms) = postSolution
		{82002FD6-9D3D-429D-9693-10A934D63920}.Debug|Any CPU.ActiveCfg = Debug|Any CPU
		{82002FD6-9D3D-429D-9693-10A934D63920}.Debug|Any CPU.Build.0 = Debug|Any CPU
		{82002FD6-9D3D-429D-9693-10A934D63920}.Release|Any CPU.ActiveCfg = Release|Any CPU
		{82002FD6-9D3D-429D-9693-10A934D63920}.Release|Any CPU.Build.0 = Release|Any CPU
		{75BC9521-2E0C-4BFC-9A1C-9A20C71EFC16}.Debug|Any CPU.ActiveCfg = Debug|Any CPU
		{75BC9521-2E0C-4BFC-9A1C-9A20C71EFC16}.Debug|Any CPU.Build.0 = Debug|Any CPU
		{75BC9521-2E0C-4BFC-9A1C-9A20C71EFC16}.Release|Any CPU.ActiveCfg = Release|Any CPU
		{75BC9521-2E0C-4BFC-9A1C-9A20C71EFC16}.Release|Any CPU.Build.0 = Release|Any CPU
	EndGlobalSection
	GlobalSection(SolutionProperties) = preSolution
		HideSolutionNode = FALSE
	EndGlobalSection
EndGlobal
